
Microsoft Visual Studio Solution File, Format Version 12.00
# Visual Studio Version 17
VisualStudioVersion = 17.11.35111.106
MinimumVisualStudioVersion = 10.0.40219.1
Project("{FAE04EC0-301F-11D3-BF4B-00C04F79EFBC}") = "DVLD", "DVLD.csproj", "{8329C20B-39A2-4ED7-8A4D-F1AC912C192F}"
EndProject
Project("{FAE04EC0-301F-11D3-BF4B-00C04F79EFBC}") = "DataBaseLayer", "..\DataBaseLayer\DataBaseLayer.csproj", "{4D51EA75-2E97-43B8-8B96-56637059DA9D}"
EndProject
Project("{FAE04EC0-301F-11D3-BF4B-00C04F79EFBC}") = "BusinessLayer", "..\PresentationLayer\BusinessLayer.csproj", "{C3433CAE-72D7-4D36-901C-62B13F294C02}"
EndProject
Global
	GlobalSection(SolutionConfigurationPlatforms) = preSolution
		Debug|Any CPU = Debug|Any CPU
		Release|Any CPU = Release|Any CPU
	EndGlobalSection
	GlobalSection(ProjectConfigurationPlatforms) = postSolution
		{8329C20B-39A2-4ED7-8A4D-F1AC912C192F}.Debug|Any CPU.ActiveCfg = Debug|Any CPU
		{8329C20B-39A2-4ED7-8A4D-F1AC912C192F}.Debug|Any CPU.Build.0 = Debug|Any CPU
		{8329C20B-39A2-4ED7-8A4D-F1AC912C192F}.Release|Any CPU.ActiveCfg = Release|Any CPU
		{8329C20B-39A2-4ED7-8A4D-F1AC912C192F}.Release|Any CPU.Build.0 = Release|Any CPU
		{4D51EA75-2E97-43B8-8B96-56637059DA9D}.Debug|Any CPU.ActiveCfg = Debug|Any CPU
		{4D51EA75-2E97-43B8-8B96-56637059DA9D}.Debug|Any CPU.Build.0 = Debug|Any CPU
		{4D51EA75-2E97-43B8-8B96-56637059DA9D}.Release|Any CPU.ActiveCfg = Release|Any CPU
		{4D51EA75-2E97-43B8-8B96-56637059DA9D}.Release|Any CPU.Build.0 = Release|Any CPU
		{C3433CAE-72D7-4D36-901C-62B13F294C02}.Debug|Any CPU.ActiveCfg = Debug|Any CPU
		{C3433CAE-72D7-4D36-901C-62B13F294C02}.Debug|Any CPU.Build.0 = Debug|Any CPU
		{C3433CAE-72D7-4D36-901C-62B13F294C02}.Release|Any CPU.ActiveCfg = Release|Any CPU
		{C3433CAE-72D7-4D36-901C-62B13F294C02}.Release|Any CPU.Build.0 = Release|Any CPU
	EndGlobalSection
	GlobalSection(SolutionProperties) = preSolution
		HideSolutionNode = FALSE
	EndGlobalSection
	GlobalSection(ExtensibilityGlobals) = postSolution
		SolutionGuid = {294C1751-A575-4473-8ACC-5E1FD59EFD15}
	EndGlobalSection
EndGlobal
